
Microsoft Visual Studio Solution File, Format Version 12.00
# Visual Studio Version 17
VisualStudioVersion = 17.0.31903.59
MinimumVisualStudioVersion = 10.0.40219.1
Project("{2150E333-8FDC-42A3-9474-1A3956D46DE8}") = "src", "src", "{827E0CD3-B72D-47B6-A68D-7590B98EB39B}"
EndProject
Project("{FAE04EC0-301F-11D3-BF4B-00C04F79EFBC}") = "SharpStatDriver", "src\SharpStatDriver\SharpStatDriver.csproj", "{8FC70E55-FA33-42C1-BD1A-FB67492D2766}"
EndProject
Project("{2150E333-8FDC-42A3-9474-1A3956D46DE8}") = "tests", "tests", "{0AB3BF05-4346-4AA6-1389-037BE0695223}"
EndProject
Project("{FAE04EC0-301F-11D3-BF4B-00C04F79EFBC}") = "SharpStatDriver.Tests", "tests\SharpStatDriver.Tests\SharpStatDriver.Tests.csproj", "{7D7AE865-5787-4E6C-B98F-4084B90EADF9}"
EndProject
Project("{2150E333-8FDC-42A3-9474-1A3956D46DE8}") = "examples", "examples", "{B36A84DF-456D-A817-6EDD-3EC3E7F6E11F}"
EndProject
Project("{FAE04EC0-301F-11D3-BF4B-00C04F79EFBC}") = "SharpStatDriver.Demo", "examples\SharpStatDriver.Demo\SharpStatDriver.Demo.csproj", "{BDAAA067-092D-4F70-A4A3-894D1F7A9F1F}"
EndProject
Global
	GlobalSection(SolutionConfigurationPlatforms) = preSolution
		Debug|Any CPU = Debug|Any CPU
		Debug|x64 = Debug|x64
		Debug|x86 = Debug|x86
		Release|Any CPU = Release|Any CPU
		Release|x64 = Release|x64
		Release|x86 = Release|x86
	EndGlobalSection
	GlobalSection(ProjectConfigurationPlatforms) = postSolution
		{8FC70E55-FA33-42C1-BD1A-FB67492D2766}.Debug|Any CPU.ActiveCfg = Debug|Any CPU
		{8FC70E55-FA33-42C1-BD1A-FB67492D2766}.Debug|Any CPU.Build.0 = Debug|Any CPU
		{8FC70E55-FA33-42C1-BD1A-FB67492D2766}.Debug|x64.ActiveCfg = Debug|Any CPU
		{8FC70E55-FA33-42C1-BD1A-FB67492D2766}.Debug|x64.Build.0 = Debug|Any CPU
		{8FC70E55-FA33-42C1-BD1A-FB67492D2766}.Debug|x86.ActiveCfg = Debug|Any CPU
		{8FC70E55-FA33-42C1-BD1A-FB67492D2766}.Debug|x86.Build.0 = Debug|Any CPU
		{8FC70E55-FA33-42C1-BD1A-FB67492D2766}.Release|Any CPU.ActiveCfg = Release|Any CPU
		{8FC70E55-FA33-42C1-BD1A-FB67492D2766}.Release|Any CPU.Build.0 = Release|Any CPU
		{8FC70E55-FA33-42C1-BD1A-FB67492D2766}.Release|x64.ActiveCfg = Release|Any CPU
		{8FC70E55-FA33-42C1-BD1A-FB67492D2766}.Release|x64.Build.0 = Release|Any CPU
		{8FC70E55-FA33-42C1-BD1A-FB67492D2766}.Release|x86.ActiveCfg = Release|Any CPU
		{8FC70E55-FA33-42C1-BD1A-FB67492D2766}.Release|x86.Build.0 = Release|Any CPU
		{7D7AE865-5787-4E6C-B98F-4084B90EADF9}.Debug|Any CPU.ActiveCfg = Debug|Any CPU
		{7D7AE865-5787-4E6C-B98F-4084B90EADF9}.Debug|Any CPU.Build.0 = Debug|Any CPU
		{7D7AE865-5787-4E6C-B98F-4084B90EADF9}.Debug|x64.ActiveCfg = Debug|Any CPU
		{7D7AE865-5787-4E6C-B98F-4084B90EADF9}.Debug|x64.Build.0 = Debug|Any CPU
		{7D7AE865-5787-4E6C-B98F-4084B90EADF9}.Debug|x86.ActiveCfg = Debug|Any CPU
		{7D7AE865-5787-4E6C-B98F-4084B90EADF9}.Debug|x86.Build.0 = Debug|Any CPU
		{7D7AE865-5787-4E6C-B98F-4084B90EADF9}.Release|Any CPU.ActiveCfg = Release|Any CPU
		{7D7AE865-5787-4E6C-B98F-4084B90EADF9}.Release|Any CPU.Build.0 = Release|Any CPU
		{7D7AE865-5787-4E6C-B98F-4084B90EADF9}.Release|x64.ActiveCfg = Release|Any CPU
		{7D7AE865-5787-4E6C-B98F-4084B90EADF9}.Release|x64.Build.0 = Release|Any CPU
		{7D7AE865-5787-4E6C-B98F-4084B90EADF9}.Release|x86.ActiveCfg = Release|Any CPU
		{7D7AE865-5787-4E6C-B98F-4084B90EADF9}.Release|x86.Build.0 = Release|Any CPU
		{BDAAA067-092D-4F70-A4A3-894D1F7A9F1F}.Debug|Any CPU.ActiveCfg = Debug|Any CPU
		{BDAAA067-092D-4F70-A4A3-894D1F7A9F1F}.Debug|Any CPU.Build.0 = Debug|Any CPU
		{BDAAA067-092D-4F70-A4A3-894D1F7A9F1F}.Debug|x64.ActiveCfg = Debug|Any CPU
		{BDAAA067-092D-4F70-A4A3-894D1F7A9F1F}.Debug|x64.Build.0 = Debug|Any CPU
		{BDAAA067-092D-4F70-A4A3-894D1F7A9F1F}.Debug|x86.ActiveCfg = Debug|Any CPU
		{BDAAA067-092D-4F70-A4A3-894D1F7A9F1F}.Debug|x86.Build.0 = Debug|Any CPU
		{BDAAA067-092D-4F70-A4A3-894D1F7A9F1F}.Release|Any CPU.ActiveCfg = Release|Any CPU
		{BDAAA067-092D-4F70-A4A3-894D1F7A9F1F}.Release|Any CPU.Build.0 = Release|Any CPU
		{BDAAA067-092D-4F70-A4A3-894D1F7A9F1F}.Release|x64.ActiveCfg = Release|Any CPU
		{BDAAA067-092D-4F70-A4A3-894D1F7A9F1F}.Release|x64.Build.0 = Release|Any CPU
		{BDAAA067-092D-4F70-A4A3-894D1F7A9F1F}.Release|x86.ActiveCfg = Release|Any CPU
		{BDAAA067-092D-4F70-A4A3-894D1F7A9F1F}.Release|x86.Build.0 = Release|Any CPU
	EndGlobalSection
	GlobalSection(SolutionProperties) = preSolution
		HideSolutionNode = FALSE
	EndGlobalSection
	GlobalSection(NestedProjects) = preSolution
		{8FC70E55-FA33-42C1-BD1A-FB67492D2766} = {827E0CD3-B72D-47B6-A68D-7590B98EB39B}
		{7D7AE865-5787-4E6C-B98F-4084B90EADF9} = {0AB3BF05-4346-4AA6-1389-037BE0695223}
		{BDAAA067-092D-4F70-A4A3-894D1F7A9F1F} = {B36A84DF-456D-A817-6EDD-3EC3E7F6E11F}
	EndGlobalSection
EndGlobal
